github.com/andybalholm/brotli v1.0.5 h1:8uQZIdzKmjc/iuPu7O2ioW48L81FgatrcpLso5O7=
github.com/andybalholm/brotli v1.0.5/go.mod h1:fO7iG3H7G2nSZ7m0zPUDn85XEX2GTukHGRSepvi9DkA=
github.com/gofiber/fiber/v2 v2.52.0 h1:5xBL+xf+M+OmYFxnQ4Ut1oB/W7f8sHHNs0e2GphY2Vw=
github.com/gofiber/fiber/v2 v2.52.0/go.mod h1:WCf0GSXI4E6gCk0L1vz5t+oVQ8S1qPvGi3L2dxoRZcs=
github.com/google/uuid v1.6.0 h1:NIvaJDMOsjHA8n1jAhLSgzrAzy1Hgr+hNrb57e+94F0=
github.com/google/uuid v1.6.0/go.mod h1:TIyPZe4MgqvfeYDBFedMoGGpEw/LqOeaOT+nhxU+yHo=
github.com/klauspost/compress v1.17.0 h1:Rnbp4K9EjcDuVuV+sdtBmM1w5nBuQZR5y+OJRBfLjE0=
github.com/klauspost/compress v1.17.0/go.mod h1:LORpB7e/SAVV1V8IbCQmBS+VMjP+lMexVk1VfSzN8mo=
github.com/mattn/go-colorable v0.1.13 h1:fF4LVN7sU+0OI8+P6kgqLm/8qkdJWF7vP0VxPg3r8Ko=
github.com/mattn/go-colorable v0.1.13/go.mod h1:a6Y4K+HYKqF4WcMVnQ48L7dJj8j/D4rJYE+CeDH62aQ=
github.com/mattn/go-isatty v0.0.20 h1:xq+J3J4Nz2k8MnLp2dJsH5kbUHjH4K1F8c4CMVI8dJM=
github.com/mattn/go-isatty v0.0.20/go.mod h1:dq+JN5gNY8K8m8Y3DnQV11b0vVxqvA8/4IfqLo4qm4g=
github.com/mattn/go-runewidth v0.0.15 h1:UNAjwbU9l54TA3KzvqLGxwWjHmMgBUvhBiTjelZgg3U=
github.com/mattn/go-runewidth v0.0.15/go.mod h1:Jdepj2loyihRzMpdS35Xk/zdY8IAYHsh153qUoGf23w=
github.com/rivo/uniseg v0.2.0 h1:S1pD9weZBuJdFmowNwbq7BJ/ZfUF6b2xUq5L9VJ5EXQ=
github.com/rivo/uniseg v0.2.0/go.mod h1:J6wj4VEh+S6ZtnVlnTBMWIodfgj8LQV9NiN/EuJ0J4A=
github.com/rs/zerolog v1.31.0 h1:/tryl0FLk5dnDXlsAUaOceyMjzzdGG2pxTqFjKqmT5E=
github.com/rs/zerolog v1.31.0/go.mod h1:/7mN4D5sKwJLZQ2b/znpjC3/GQWY/xaDXUM0NYwHXME=
github.com/valyala/bytebufferpool v1.0.0 h1:GqA5TC/0021Y/b9FG4Oi9Mr3q7XYx6KllzawFIhcdPw=
github.com/valyala/bytebufferpool v1.0.0/go.mod h1:6bBcMArwyJ5K/AmCkWv1jt77kVWyCJ6HpOuEn7z0Csc=
github.com/valyala/fasthttp v1.51.0 h1:8b30A5JlZ6C7AS81C8R+VZ2U7K8P/ByB8hT1aJCuG4w=
github.com/valyala/fasthttp v1.51.0/go.mod h1:Ug8zRCqZZRAPqoP6oIFMtS+gNFT3tRGXNOs2TjsxR7M=
github.com/valyala/tcplisten v1.0.0 h1:rBHj/Xf+E1tRGZyWJl7R+VN7MN1+1K+rRGHsG1DKXEY=
github.com/valyala/tcplisten v1.0.0/go.mod h1:T0xQ8SeCZGxckz9qRXTfG43PvQ/mcWh7FwZEA7Ioqkc=
golang.org/x/sys v0.15.0 h1:h48lPFYpsTvQJZF4EKyI4aLHaev3CxivZmv7yZig9pc=
golang.org/x/sys v0.15.0/go.mod h1:/VUhepiaJMQUp4+oa/7Zr1D23ma6VTLIYjOOTFZPUcA=
